// !$*UTF8*$!
{
	archiveVersion = 1;
	classes = {
	};
	objectVersion = 50;
	objects = {

/* Begin PBXBuildFile section */
		9191EDF8227A10F300A3C5D7 /* AppDelegate.swift in Sources */ = {isa = PBXBuildFile; fileRef = 9191EDF7227A10F300A3C5D7 /* AppDelegate.swift */; };
		9191EDFA227A10F300A3C5D7 /* ViewController.swift in Sources */ = {isa = PBXBuildFile; fileRef = 9191EDF9227A10F300A3C5D7 /* ViewController.swift */; };
		9191EDFF227A10F500A3C5D7 /* Assets.xcassets in Resources */ = {isa = PBXBuildFile; fileRef = 9191EDFE227A10F500A3C5D7 /* Assets.xcassets */; };
		9191EE02227A10F500A3C5D7 /* LaunchScreen.storyboard in Resources */ = {isa = PBXBuildFile; fileRef = 9191EE00227A10F500A3C5D7 /* LaunchScreen.storyboard */; };
		9191EE0A227A11C600A3C5D7 /* ProgressNavigationController.swift in Sources */ = {isa = PBXBuildFile; fileRef = 9191EE09227A11C600A3C5D7 /* ProgressNavigationController.swift */; };
		9191EE0C227A12BE00A3C5D7 /* ProgressViewController.swift in Sources */ = {isa = PBXBuildFile; fileRef = 9191EE0B227A12BE00A3C5D7 /* ProgressViewController.swift */; };
/* End PBXBuildFile section */

/* Begin PBXFileReference section */
		9191EDF4227A10F300A3C5D7 /* NavigationProgress.app */ = {isa = PBXFileReference; explicitFileType = wrapper.application; includeInIndex = 0; path = NavigationProgress.app; sourceTree = BUILT_PRODUCTS_DIR; };
		9191EDF7227A10F300A3C5D7 /* AppDelegate.swift */ = {isa = PBXFileReference; lastKnownFileType = sourcecode.swift; path = AppDelegate.swift; sourceTree = "<group>"; };
		9191EDF9227A10F300A3C5D7 /* ViewController.swift */ = {isa = PBXFileReference; lastKnownFileType = sourcecode.swift; path = ViewController.swift; sourceTree = "<group>"; };
		9191EDFE227A10F500A3C5D7 /* Assets.xcassets */ = {isa = PBXFileReference; lastKnownFileType = folder.assetcatalog; path = Assets.xcassets; sourceTree = "<group>"; };
		9191EE01227A10F500A3C5D7 /* Base */ = {isa = PBXFileReference; lastKnownFileType = file.storyboard; name = Base; path = Base.lproj/LaunchScreen.storyboard; sourceTree = "<group>"; };
		9191EE03227A10F500A3C5D7 /* Info.plist */ = {isa = PBXFileReference; lastKnownFileType = text.plist.xml; path = Info.plist; sourceTree = "<group>"; };
		9191EE09227A11C600A3C5D7 /* ProgressNavigationController.swift */ = {isa = PBXFileReference; lastKnownFileType = sourcecode.swift; path = ProgressNavigationController.swift; sourceTree = "<group>"; };
		9191EE0B227A12BE00A3C5D7 /* ProgressViewController.swift */ = {isa = PBXFileReference; lastKnownFileType = sourcecode.swift; path = ProgressViewController.swift; sourceTree = "<group>"; };
/* End PBXFileReference section */

/* Begin PBXFrameworksBuildPhase section */
		9191EDF1227A10F300A3C5D7 /* Frameworks */ = {
			isa = PBXFrameworksBuildPhase;
			buildActionMask = 2147483647;
			files = (
			);
			runOnlyForDeploymentPostprocessing = 0;
		};
/* End PBXFrameworksBuildPhase section */

/* Begin PBXGroup section */
		9191EDEB227A10F300A3C5D7 = {
			isa = PBXGroup;
			children = (
				9191EDF6227A10F300A3C5D7 /* NavigationProgress */,
				9191EDF5227A10F300A3C5D7 /* Products */,
			);
			sourceTree = "<group>";
		};
		9191EDF5227A10F300A3C5D7 /* Products */ = {
			isa = PBXGroup;
			children = (
				9191EDF4227A10F300A3C5D7 /* NavigationProgress.app */,
			);
			name = Products;
			sourceTree = "<group>";
		};
		9191EDF6227A10F300A3C5D7 /* NavigationProgress */ = {
			isa = PBXGroup;
			children = (
				9191EDF7227A10F300A3C5D7 /* AppDelegate.swift */,
				9191EDF9227A10F300A3C5D7 /* ViewController.swift */,
				9191EE0B227A12BE00A3C5D7 /* ProgressViewController.swift */,
				9191EDFE227A10F500A3C5D7 /* Assets.xcassets */,
				9191EE00227A10F500A3C5D7 /* LaunchScreen.storyboard */,
				9191EE03227A10F500A3C5D7 /* Info.plist */,
				9191EE09227A11C600A3C5D7 /* ProgressNavigationController.swift */,
			);
			path = NavigationProgress;
			sourceTree = "<group>";
		};
/* End PBXGroup section */

/* Begin PBXNativeTarget section */
		9191EDF3227A10F300A3C5D7 /* NavigationProgress */ = {
			isa = PBXNativeTarget;
			buildConfigurationList = 9191EE06227A10F500A3C5D7 /* Build configuration list for PBXNativeTarget "NavigationProgress" */;
			buildPhases = (
				9191EDF0227A10F300A3C5D7 /* Sources */,
				9191EDF1227A10F300A3C5D7 /* Frameworks */,
				9191EDF2227A10F300A3C5D7 /* Resources */,
			);
			buildRules = (
			);
			dependencies = (
			);
			name = NavigationProgress;
			productName = NavigationProgress;
			productReference = 9191EDF4227A10F300A3C5D7 /* NavigationProgress.app */;
			productType = "com.apple.product-type.application";
		};
/* End PBXNativeTarget section */

/* Begin PBXProject section */
		9191EDEC227A10F300A3C5D7 /* Project object */ = {
			isa = PBXProject;
			attributes = {
				LastSwiftUpdateCheck = 1020;
				LastUpgradeCheck = 1020;
				ORGANIZATIONNAME = "Sebastian Osiński";
				TargetAttributes = {
					9191EDF3227A10F300A3C5D7 = {
						CreatedOnToolsVersion = 10.2.1;
					};
				};
			};
			buildConfigurationList = 9191EDEF227A10F300A3C5D7 /* Build configuration list for PBXProject "NavigationProgress" */;
			compatibilityVersion = "Xcode 9.3";
			developmentRegion = en;
			hasScannedForEncodings = 0;
			knownRegions = (
				en,
				Base,
			);
			mainGroup = 9191EDEB227A10F300A3C5D7;
			productRefGroup = 9191EDF5227A10F300A3C5D7 /* Products */;
			projectDirPath = "";
			projectRoot = "";
			targets = (
				9191EDF3227A10F300A3C5D7 /* NavigationProgress */,
			);
		};
/* End PBXProject section */

/* Begin PBXResourcesBuildPhase section */
		9191EDF2227A10F300A3C5D7 /* Resources */ = {
			isa = PBXResourcesBuildPhase;
			buildActionMask = 2147483647;
			files = (
				9191EE02227A10F500A3C5D7 /* LaunchScreen.storyboard in Resources */,
				9191EDFF227A10F500A3C5D7 /* Assets.xcassets in Resources */,
			);
			runOnlyForDeploymentPostprocessing = 0;
		};
/* End PBXResourcesBuildPhase section */

/* Begin PBXSourcesBuildPhase section */
		9191EDF0227A10F300A3C5D7 /* Sources */ = {
			isa = PBXSourcesBuildPhase;
			buildActionMask = 2147483647;
			files = (
				9191EDFA227A10F300A3C5D7 /* ViewController.swift in Sources */,
				9191EDF8227A10F300A3C5D7 /* AppDelegate.swift in Sources */,
				9191EE0A227A11C600A3C5D7 /* ProgressNavigationController.swift in Sources */,
				9191EE0C227A12BE00A3C5D7 /* ProgressViewController.swift in Sources */,
			);
			runOnlyForDeploymentPostprocessing = 0;
		};
/* End PBXSourcesBuildPhase section */

/* Begin PBXVariantGroup section */
		9191EE00227A10F500A3C5D7 /* LaunchScreen.storyboard */ = {
			isa = PBXVariantGroup;
			children = (
				9191EE01227A10F500A3C5D7 /* Base */,
			);
			name = LaunchScreen.storyboard;
			sourceTree = "<group>";
		};
/* End PBXVariantGroup section */

/* Begin XCBuildConfiguration section */
		9191EE04227A10F500A3C5D7 /* Debug */ = {
			isa = XCBuildConfiguration;
			buildSettings = {
				ALWAYS_SEARCH_USER_PATHS = NO;
				CLANG_ANALYZER_NONNULL = YES;
				CLANG_ANALYZER_NUMBER_OBJECT_CONVERSION = YES_AGGRESSIVE;
				CLANG_CXX_LANGUAGE_STANDARD = "gnu++14";
				CLANG_CXX_LIBRARY = "libc++";
				CLANG_ENABLE_MODULES = YES;
				CLANG_ENABLE_OBJC_ARC = YES;
				CLANG_ENABLE_OBJC_WEAK = YES;
				CLANG_WARN_BLOCK_CAPTURE_AUTORELEASING = YES;
				CLANG_WARN_BOOL_CONVERSION = YES;
				CLANG_WARN_COMMA = YES;
				CLANG_WARN_CONSTANT_CONVERSION = YES;
				CLANG_WARN_DEPRECATED_OBJC_IMPLEMENTATIONS = YES;
				CLANG_WARN_DIRECT_OBJC_ISA_USAGE = YES_ERROR;
				CLANG_WARN_DOCUMENTATION_COMMENTS = YES;
				CLANG_WARN_EMPTY_BODY = YES;
				CLANG_WARN_ENUM_CONVERSION = YES;
				CLANG_WARN_INFINITE_RECURSION = YES;
				CLANG_WARN_INT_CONVERSION = YES;
				CLANG_WARN_NON_LITERAL_NULL_CONVERSION = YES;
				CLANG_WARN_OBJC_IMPLICIT_RETAIN_SELF = YES;
				CLANG_WARN_OBJC_LITERAL_CONVERSION = YES;
				CLANG_WARN_OBJC_ROOT_CLASS = YES_ERROR;
				CLANG_WARN_RANGE_LOOP_ANALYSIS = YES;
				CLANG_WARN_STRICT_PROTOTYPES = YES;
				CLANG_WARN_SUSPICIOUS_MOVE = YES;
				CLANG_WARN_UNGUARDED_AVAILABILITY = YES_AGGRESSIVE;
				CLANG_WARN_UNREACHABLE_CODE = YES;
				CLANG_WARN__DUPLICATE_METHOD_MATCH = YES;
				CODE_SIGN_IDENTITY = "iPhone Developer";
				COPY_PHASE_STRIP = NO;
				DEBUG_INFORMATION_FORMAT = dwarf;
				ENABLE_STRICT_OBJC_MSGSEND = YES;
				ENABLE_TESTABILITY = YES;
				GCC_C_LANGUAGE_STANDARD = gnu11;
				GCC_DYNAMIC_NO_PIC = NO;
				GCC_NO_COMMON_BLOCKS = YES;
				GCC_OPTIMIZATION_LEVEL = 0;
				GCC_PREPROCESSOR_DEFINITIONS = (
					"DEBUG=1",
					"$(inherited)",
				);
				GCC_WARN_64_TO_32_BIT_CONVERSION = YES;
				GCC_WARN_ABOUT_RETURN_TYPE = YES_ERROR;
				GCC_WARN_UNDECLARED_SELECTOR = YES;
				GCC_WARN_UNINITIALIZED_AUTOS = YES_AGGRESSIVE;
				GCC_WARN_UNUSED_FUNCTION = YES;
				GCC_WARN_UNUSED_VARIABLE = YES;
				IPHONEOS_DEPLOYMENT_TARGET = 12.2;
				MTL_ENABLE_DEBUG_INFO = INCLUDE_SOURCE;
				MTL_FAST_MATH = YES;
				ONLY_ACTIVE_ARCH = YES;
				SDKROOT = iphoneos;
				SWIFT_ACTIVE_COMPILATION_CONDITIONS = DEBUG;
				SWIFT_OPTIMIZATION_LEVEL = "-Onone";
			};
			name = Debug;
		};
		9191EE05227A10F500A3C5D7 /* Release */ = {
			isa = XCBuildConfiguration;
			buildSettings = {
				ALWAYS_SEARCH_USER_PATHS = NO;
				CLANG_ANALYZER_NONNULL = YES;
				CLANG_ANALYZER_NUMBER_OBJECT_CONVERSION = YES_AGGRESSIVE;
				CLANG_CXX_LANGUAGE_STANDARD = "gnu++14";
				CLANG_CXX_LIBRARY = "libc++";
				CLANG_ENABLE_MODULES = YES;
				CLANG_ENABLE_OBJC_ARC = YES;
				CLANG_ENABLE_OBJC_WEAK = YES;
				CLANG_WARN_BLOCK_CAPTURE_AUTORELEASING = YES;
				CLANG_WARN_BOOL_CONVERSION = YES;
				CLANG_WARN_COMMA = YES;
				CLANG_WARN_CONSTANT_CONVERSION = YES;
				CLANG_WARN_DEPRECATED_OBJC_IMPLEMENTATIONS = YES;
				CLANG_WARN_DIRECT_OBJC_ISA_USAGE = YES_ERROR;
				CLANG_WARN_DOCUMENTATION_COMMENTS = YES;
				CLANG_WARN_EMPTY_BODY = YES;
				CLANG_WARN_ENUM_CONVERSION = YES;
				CLANG_WARN_INFINITE_RECURSION = YES;
				CLANG_WARN_INT_CONVERSION = YES;
				CLANG_WARN_NON_LITERAL_NULL_CONVERSION = YES;
				CLANG_WARN_OBJC_IMPLICIT_RETAIN_SELF = YES;
				CLANG_WARN_OBJC_LITERAL_CONVERSION = YES;
				CLANG_WARN_OBJC_ROOT_CLASS = YES_ERROR;
				CLANG_WARN_RANGE_LOOP_ANALYSIS = YES;
				CLANG_WARN_STRICT_PROTOTYPES = YES;
				CLANG_WARN_SUSPICIOUS_MOVE = YES;
				CLANG_WARN_UNGUARDED_AVAILABILITY = YES_AGGRESSIVE;
				CLANG_WARN_UNREACHABLE_CODE = YES;
				CLANG_WARN__DUPLICATE_METHOD_MATCH = YES;
				CODE_SIGN_IDENTITY = "iPhone Developer";
				COPY_PHASE_STRIP = NO;
				DEBUG_INFORMATION_FORMAT = "dwarf-with-dsym";
				ENABLE_NS_ASSERTIONS = NO;
				ENABLE_STRICT_OBJC_MSGSEND = YES;
				GCC_C_LANGUAGE_STANDARD = gnu11;
				GCC_NO_COMMON_BLOCKS = YES;
				GCC_WARN_64_TO_32_BIT_CONVERSION = YES;
				GCC_WARN_ABOUT_RETURN_TYPE = YES_ERROR;
				GCC_WARN_UNDECLARED_SELECTOR = YES;
				GCC_WARN_UNINITIALIZED_AUTOS = YES_AGGRESSIVE;
				GCC_WARN_UNUSED_FUNCTION = YES;
				GCC_WARN_UNUSED_VARIABLE = YES;
				IPHONEOS_DEPLOYMENT_TARGET = 12.2;
				MTL_ENABLE_DEBUG_INFO = NO;
				MTL_FAST_MATH = YES;
				SDKROOT = iphoneos;
				SWIFT_COMPILATION_MODE = wholemodule;
				SWIFT_OPTIMIZATION_LEVEL = "-O";
				VALIDATE_PRODUCT = YES;
			};
			name = Release;
		};
		9191EE07227A10F500A3C5D7 /* Debug */ = {
			isa = XCBuildConfiguration;
			buildSettings = {
				ASSETCATALOG_COMPILER_APPICON_NAME = AppIcon;
				CODE_SIGN_STYLE = Automatic;
				DEVELOPMENT_TEAM = GJF586P7E7;
				INFOPLIST_FILE = NavigationProgress/Info.plist;
				LD_RUNPATH_SEARCH_PATHS = (
					"$(inherited)",
					"@executable_path/Frameworks",
				);
				PRODUCT_BUNDLE_IDENTIFIER = dev.osinski.NavigationProgress;
				PRODUCT_NAME = "$(TARGET_NAME)";
				SWIFT_VERSION = 5.0;
				TARGETED_DEVICE_FAMILY = "1,2";
			};
			name = Debug;
		};
		9191EE08227A10F500A3C5D7 /* Release */ = {
			isa = XCBuildConfiguration;
			buildSettings = {
				ASSETCATALOG_COMPILER_APPICON_NAME = AppIcon;
				CODE_SIGN_STYLE = Automatic;
				DEVELOPMENT_TEAM = GJF586P7E7;
				INFOPLIST_FILE = NavigationProgress/Info.plist;
				LD_RUNPATH_SEARCH_PATHS = (
					"$(inherited)",
					"@executable_path/Frameworks",
				);
				PRODUCT_BUNDLE_IDENTIFIER = dev.osinski.NavigationProgress;
				PRODUCT_NAME = "$(TARGET_NAME)";
				SWIFT_VERSION = 5.0;
				TARGETED_DEVICE_FAMILY = "1,2";
			};
			name = Release;
		};
/* End XCBuildConfiguration section */

/* Begin XCConfigurationList section */
		9191EDEF227A10F300A3C5D7 /* Build configuration list for PBXProject "NavigationProgress" */ = {
			isa = XCConfigurationList;
			buildConfigurations = (
				9191EE04227A10F500A3C5D7 /* Debug */,
				9191EE05227A10F500A3C5D7 /* Release */,
			);
			defaultConfigurationIsVisible = 0;
			defaultConfigurationName = Release;
		};
		9191EE06227A10F500A3C5D7 /* Build configuration list for PBXNativeTarget "NavigationProgress" */ = {
			isa = XCConfigurationList;
			buildConfigurations = (
				9191EE07227A10F500A3C5D7 /* Debug */,
				9191EE08227A10F500A3C5D7 /* Release */,
			);
			defaultConfigurationIsVisible = 0;
			defaultConfigurationName = Release;
		};
/* End XCConfigurationList section */
	};
	rootObject = 9191EDEC227A10F300A3C5D7 /* Project object */;
}
